{
    "_readme": [
        "This file locks the dependencies of your project to a known state",
        "Read more about it at https://getcomposer.org/doc/01-basic-usage.md#installing-dependencies",
        "This file is @generated automatically"
    ],
    "content-hash": "ac5c35e00b9b3c5cec0b432b1f9df552",
    "packages": [
        {
            "name": "freemius/wordpress-sdk",
            "version": "2.5.10",
            "source": {
                "type": "git",
                "url": "https://github.com/Freemius/wordpress-sdk.git",
                "reference": "05bac841008b705bff9636f782c96fb0a73e615b"
            },
            "dist": {
                "type": "zip",
                "url": "https://api.github.com/repos/Freemius/wordpress-sdk/zipball/05bac841008b705bff9636f782c96fb0a73e615b",
                "reference": "05bac841008b705bff9636f782c96fb0a73e615b",
                "shasum": ""
            },
            "require": {
                "php": ">=5.2"
            },
            "require-dev": {
                "dealerdirect/phpcodesniffer-composer-installer": "^1.0",
                "wp-coding-standards/wpcs": "^2.3"
            },
            "type": "library",
            "notification-url": "https://packagist.org/downloads/",
            "license": [
                "GPL-3.0-only"
            ],
            "description": "Freemius WordPress SDK",
            "homepage": "https://freemius.com",
            "keywords": [
                "freemius",
                "plugin",
                "sdk",
                "theme",
                "wordpress",
                "wordpress-plugin",
                "wordpress-theme"
            ],
            "support": {
                "issues": "https://github.com/Freemius/wordpress-sdk/issues",
                "source": "https://github.com/Freemius/wordpress-sdk/tree/2.5.10"
            },
            "time": "2023-07-18T06:35:08+00:00"
        }
    ],
    "packages-dev": [],
    "aliases": [],
    "minimum-stability": "stable",
    "stability-flags": [],
    "prefer-stable": false,
    "prefer-lowest": false,
    "platform": {
        "ext-json": "*"
    },
    "platform-dev": [],
    "plugin-api-version": "2.3.0"
}
